
Microsoft Visual Studio Solution File, Format Version 12.00
# Visual Studio 15
VisualStudioVersion = 15.0.27004.2002
MinimumVisualStudioVersion = 10.0.40219.1
Project("{FAE04EC0-301F-11D3-BF4B-00C04F79EFBC}") = "20171013_Icon", "20171013_Icon\20171013_Icon.csproj", "{4EEDD5B8-DF7A-4AE6-95A1-DCA32B6ECCD7}"
EndProject
Global
	GlobalSection(SolutionConfigurationPlatforms) = preSolution
		Debug|Any CPU = Debug|Any CPU
		Release|Any CPU = Release|Any CPU
	EndGlobalSection
	GlobalSection(ProjectConfigurationPlatforms) = postSolution
		{4EEDD5B8-DF7A-4AE6-95A1-DCA32B6ECCD7}.Debug|Any CPU.ActiveCfg = Debug|Any CPU
		{4EEDD5B8-DF7A-4AE6-95A1-DCA32B6ECCD7}.Debug|Any CPU.Build.0 = Debug|Any CPU
		{4EEDD5B8-DF7A-4AE6-95A1-DCA32B6ECCD7}.Release|Any CPU.ActiveCfg = Release|Any CPU
		{4EEDD5B8-DF7A-4AE6-95A1-DCA32B6ECCD7}.Release|Any CPU.Build.0 = Release|Any CPU
	EndGlobalSection
	GlobalSection(SolutionProperties) = preSolution
		HideSolutionNode = FALSE
	EndGlobalSection
	GlobalSection(ExtensibilityGlobals) = postSolution
		SolutionGuid = {F553C480-E0EF-4957-A669-DB7E46A69B27}
	EndGlobalSection
EndGlobal
